// !$*UTF8*$!
{
	archiveVersion = 1;
	classes = {
	};
	objectVersion = 77;
	objects = {

/* Begin PBXBuildFile section */
		D9E00EEB2FEFE7100074F0E3 /* FirebaseAuth in Frameworks */ = {isa = PBXBuildFile; productRef = D9E00EEA2FEFE7100074F0E3 /* FirebaseAuth */; };
		D9E00EED2FEFE7100074F0E3 /* FirebaseFirestore in Frameworks */ = {isa = PBXBuildFile; productRef = D9E00EEC2FEFE7100074F0E3 /* FirebaseFirestore */; };
		D9E00EEF2FEFE74C0074F0E3 /* GoogleService-Info.plist in Resources */ = {isa = PBXBuildFile; fileRef = D9E00EEE2FEFE74C0074F0E3 /* GoogleService-Info.plist */; };
		D9ECDA9F3005326D005244BE /* FirebaseStorage in Frameworks */ = {isa = PBXBuildFile; productRef = D9ECDA9E3005326D005244BE /* FirebaseStorage */; };
/* End PBXBuildFile section */

/* Begin PBXContainerItemProxy section */
		D9E00ECD2FEFE5C30074F0E3 /* PBXContainerItemProxy */ = {
			isa = PBXContainerItemProxy;
			containerPortal = D9E00EB72FEFE5C20074F0E3 /* Project object */;
			proxyType = 1;
			remoteGlobalIDString = D9E00EBE2FEFE5C20074F0E3;
			remoteInfo = PawLetter;
		};
		D9E00ED72FEFE5C30074F0E3 /* PBXContainerItemProxy */ = {
			isa = PBXContainerItemProxy;
			containerPortal = D9E00EB72FEFE5C20074F0E3 /* Project object */;
			proxyType = 1;
			remoteGlobalIDString = D9E00EBE2FEFE5C20074F0E3;
			remoteInfo = PawLetter;
		};
/* End PBXContainerItemProxy section */

/* Begin PBXFileReference section */
		D9E00EBF2FEFE5C20074F0E3 /* PawLetter.app */ = {isa = PBXFileReference; explicitFileType = wrapper.application; includeInIndex = 0; path = PawLetter.app; sourceTree = BUILT_PRODUCTS_DIR; };
		D9E00ECC2FEFE5C30074F0E3 /* PawLetterTests.xctest */ = {isa = PBXFileReference; explicitFileType = wrapper.cfbundle; includeInIndex = 0; path = PawLetterTests.xctest; sourceTree = BUILT_PRODUCTS_DIR; };
		D9E00ED62FEFE5C30074F0E3 /* PawLetterUITests.xctest */ = {isa = PBXFileReference; explicitFileType = wrapper.cfbundle; includeInIndex = 0; path = PawLetterUITests.xctest; sourceTree = BUILT_PRODUCTS_DIR; };
		D9E00EEE2FEFE74C0074F0E3 /* GoogleService-Info.plist */ = {isa = PBXFileReference; lastKnownFileType = text.plist.xml; path = "GoogleService-Info.plist"; sourceTree = "<group>"; };
/* End PBXFileReference section */

/* Begin PBXFileSystemSynchronizedRootGroup section */
		D9E00EC12FEFE5C20074F0E3 /* PawLetter */ = {
			isa = PBXFileSystemSynchronizedRootGroup;
			path = PawLetter;
			sourceTree = "<group>";
		};
		D9E00ECF2FEFE5C30074F0E3 /* PawLetterTests */ = {
			isa = PBXFileSystemSynchronizedRootGroup;
			path = PawLetterTests;
			sourceTree = "<group>";
		};
		D9E00ED92FEFE5C30074F0E3 /* PawLetterUITests */ = {
			isa = PBXFileSystemSynchronizedRootGroup;
			path = PawLetterUITests;
			sourceTree = "<group>";
		};
/* End PBXFileSystemSynchronizedRootGroup section */

/* Begin PBXFrameworksBuildPhase section */
		D9E00EBC2FEFE5C20074F0E3 /* Frameworks */ = {
			isa = PBXFrameworksBuildPhase;
			buildActionMask = 2147483647;
			files = (
				D9E00EEB2FEFE7100074F0E3 /* FirebaseAuth in Frameworks */,
				D9E00EED2FEFE7100074F0E3 /* FirebaseFirestore in Frameworks */,
				D9ECDA9F3005326D005244BE /* FirebaseStorage in Frameworks */,
			);
			runOnlyForDeploymentPostprocessing = 0;
		};
		D9E00EC92FEFE5C30074F0E3 /* Frameworks */ = {
			isa = PBXFrameworksBuildPhase;
			buildActionMask = 2147483647;
			files = (
			);
			runOnlyForDeploymentPostprocessing = 0;
		};
		D9E00ED32FEFE5C30074F0E3 /* Frameworks */ = {
			isa = PBXFrameworksBuildPhase;
			buildActionMask = 2147483647;
			files = (
			);
			runOnlyForDeploymentPostprocessing = 0;
		};
/* End PBXFrameworksBuildPhase section */

/* Begin PBXGroup section */
		D9E00EB62FEFE5C20074F0E3 = {
			isa = PBXGroup;
			children = (
				D9E00EC12FEFE5C20074F0E3 /* PawLetter */,
				D9E00ECF2FEFE5C30074F0E3 /* PawLetterTests */,
				D9E00ED92FEFE5C30074F0E3 /* PawLetterUITests */,
				D9E00EC02FEFE5C20074F0E3 /* Products */,
				D9E00EEE2FEFE74C0074F0E3 /* GoogleService-Info.plist */,
				D9ECDA9D3005326D005244BE /* Frameworks */,
			);
			sourceTree = "<group>";
		};
		D9E00EC02FEFE5C20074F0E3 /* Products */ = {
			isa = PBXGroup;
			children = (
				D9E00EBF2FEFE5C20074F0E3 /* PawLetter.app */,
				D9E00ECC2FEFE5C30074F0E3 /* PawLetterTests.xctest */,
				D9E00ED62FEFE5C30074F0E3 /* PawLetterUITests.xctest */,
			);
			name = Products;
			sourceTree = "<group>";
		};
		D9ECDA9D3005326D005244BE /* Frameworks */ = {
			isa = PBXGroup;
			children = (
			);
			name = Frameworks;
			sourceTree = "<group>";
		};
/* End PBXGroup section */

/* Begin PBXNativeTarget section */
		D9E00EBE2FEFE5C20074F0E3 /* PawLetter */ = {
			isa = PBXNativeTarget;
			buildConfigurationList = D9E00EE02FEFE5C30074F0E3 /* Build configuration list for PBXNativeTarget "PawLetter" */;
			buildPhases = (
				D9E00EBB2FEFE5C20074F0E3 /* Sources */,
				D9E00EBC2FEFE5C20074F0E3 /* Frameworks */,
				D9E00EBD2FEFE5C20074F0E3 /* Resources */,
			);
			buildRules = (
			);
			dependencies = (
			);
			fileSystemSynchronizedGroups = (
				D9E00EC12FEFE5C20074F0E3 /* PawLetter */,
			);
			name = PawLetter;
			packageProductDependencies = (
				D9E00EEA2FEFE7100074F0E3 /* FirebaseAuth */,
				D9E00EEC2FEFE7100074F0E3 /* FirebaseFirestore */,
				D9ECDA9E3005326D005244BE /* FirebaseStorage */,
			);
			productName = PawLetter;
			productReference = D9E00EBF2FEFE5C20074F0E3 /* PawLetter.app */;
			productType = "com.apple.product-type.application";
		};
		D9E00ECB2FEFE5C30074F0E3 /* PawLetterTests */ = {
			isa = PBXNativeTarget;
			buildConfigurationList = D9E00EE32FEFE5C30074F0E3 /* Build configuration list for PBXNativeTarget "PawLetterTests" */;
			buildPhases = (
				D9E00EC82FEFE5C30074F0E3 /* Sources */,
				D9E00EC92FEFE5C30074F0E3 /* Frameworks */,
				D9E00ECA2FEFE5C30074F0E3 /* Resources */,
			);
			buildRules = (
			);
			dependencies = (
				D9E00ECE2FEFE5C30074F0E3 /* PBXTargetDependency */,
			);
			fileSystemSynchronizedGroups = (
				D9E00ECF2FEFE5C30074F0E3 /* PawLetterTests */,
			);
			name = PawLetterTests;
			packageProductDependencies = (
			);
			productName = PawLetterTests;
			productReference = D9E00ECC2FEFE5C30074F0E3 /* PawLetterTests.xctest */;
			productType = "com.apple.product-type.bundle.unit-test";
		};
		D9E00ED52FEFE5C30074F0E3 /* PawLetterUITests */ = {
			isa = PBXNativeTarget;
			buildConfigurationList = D9E00EE62FEFE5C30074F0E3 /* Build configuration list for PBXNativeTarget "PawLetterUITests" */;
			buildPhases = (
				D9E00ED22FEFE5C30074F0E3 /* Sources */,
				D9E00ED32FEFE5C30074F0E3 /* Frameworks */,
				D9E00ED42FEFE5C30074F0E3 /* Resources */,
			);
			buildRules = (
			);
			dependencies = (
				D9E00ED82FEFE5C30074F0E3 /* PBXTargetDependency */,
			);
			fileSystemSynchronizedGroups = (
				D9E00ED92FEFE5C30074F0E3 /* PawLetterUITests */,
			);
			name = PawLetterUITests;
			packageProductDependencies = (
			);
			productName = PawLetterUITests;
			productReference = D9E00ED62FEFE5C30074F0E3 /* PawLetterUITests.xctest */;
			productType = "com.apple.product-type.bundle.ui-testing";
		};
/* End PBXNativeTarget section */

/* Begin PBXProject section */
		D9E00EB72FEFE5C20074F0E3 /* Project object */ = {
			isa = PBXProject;
			attributes = {
				BuildIndependentTargetsInParallel = 1;
				LastSwiftUpdateCheck = 2620;
				LastUpgradeCheck = 2620;
				TargetAttributes = {
					D9E00EBE2FEFE5C20074F0E3 = {
						CreatedOnToolsVersion = 26.2;
					};
					D9E00ECB2FEFE5C30074F0E3 = {
						CreatedOnToolsVersion = 26.2;
						TestTargetID = D9E00EBE2FEFE5C20074F0E3;
					};
					D9E00ED52FEFE5C30074F0E3 = {
						CreatedOnToolsVersion = 26.2;
						TestTargetID = D9E00EBE2FEFE5C20074F0E3;
					};
				};
			};
			buildConfigurationList = D9E00EBA2FEFE5C20074F0E3 /* Build configuration list for PBXProject "PawLetter" */;
			developmentRegion = en;
			hasScannedForEncodings = 0;
			knownRegions = (
				en,
				Base,
			);
			mainGroup = D9E00EB62FEFE5C20074F0E3;
			minimizedProjectReferenceProxies = 1;
			packageReferences = (
				D9E00EE92FEFE7100074F0E3 /* XCRemoteSwiftPackageReference "firebase-ios-sdk" */,
			);
			preferredProjectObjectVersion = 77;
			productRefGroup = D9E00EC02FEFE5C20074F0E3 /* Products */;
			projectDirPath = "";
			projectRoot = "";
			targets = (
				D9E00EBE2FEFE5C20074F0E3 /* PawLetter */,
				D9E00ECB2FEFE5C30074F0E3 /* PawLetterTests */,
				D9E00ED52FEFE5C30074F0E3 /* PawLetterUITests */,
			);
		};
/* End PBXProject section */

/* Begin PBXResourcesBuildPhase section */
		D9E00EBD2FEFE5C20074F0E3 /* Resources */ = {
			isa = PBXResourcesBuildPhase;
			buildActionMask = 2147483647;
			files = (
				D9E00EEF2FEFE74C0074F0E3 /* GoogleService-Info.plist in Resources */,
			);
			runOnlyForDeploymentPostprocessing = 0;
		};
		D9E00ECA2FEFE5C30074F0E3 /* Resources */ = {
			isa = PBXResourcesBuildPhase;
			buildActionMask = 2147483647;
			files = (
			);
			runOnlyForDeploymentPostprocessing = 0;
		};
		D9E00ED42FEFE5C30074F0E3 /* Resources */ = {
			isa = PBXResourcesBuildPhase;
			buildActionMask = 2147483647;
			files = (
			);
			runOnlyForDeploymentPostprocessing = 0;
		};
/* End PBXResourcesBuildPhase section */

/* Begin PBXSourcesBuildPhase section */
		D9E00EBB2FEFE5C20074F0E3 /* Sources */ = {
			isa = PBXSourcesBuildPhase;
			buildActionMask = 2147483647;
			files = (
			);
			runOnlyForDeploymentPostprocessing = 0;
		};
		D9E00EC82FEFE5C30074F0E3 /* Sources */ = {
			isa = PBXSourcesBuildPhase;
			buildActionMask = 2147483647;
			files = (
			);
			runOnlyForDeploymentPostprocessing = 0;
		};
		D9E00ED22FEFE5C30074F0E3 /* Sources */ = {
			isa = PBXSourcesBuildPhase;
			buildActionMask = 2147483647;
			files = (
			);
			runOnlyForDeploymentPostprocessing = 0;
		};
/* End PBXSourcesBuildPhase section */

/* Begin PBXTargetDependency section */
		D9E00ECE2FEFE5C30074F0E3 /* PBXTargetDependency */ = {
			isa = PBXTargetDependency;
			target = D9E00EBE2FEFE5C20074F0E3 /* PawLetter */;
			targetProxy = D9E00ECD2FEFE5C30074F0E3 /* PBXContainerItemProxy */;
		};
		D9E00ED82FEFE5C30074F0E3 /* PBXTargetDependency */ = {
			isa = PBXTargetDependency;
			target = D9E00EBE2FEFE5C20074F0E3 /* PawLetter */;
			targetProxy = D9E00ED72FEFE5C30074F0E3 /* PBXContainerItemProxy */;
		};
/* End PBXTargetDependency section */

/* Begin XCBuildConfiguration section */
		D9E00EDE2FEFE5C30074F0E3 /* Debug */ = {
			isa = XCBuildConfiguration;
			buildSettings = {
				ALWAYS_SEARCH_USER_PATHS = NO;
				ASSETCATALOG_COMPILER_GENERATE_SWIFT_ASSET_SYMBOL_EXTENSIONS = YES;
				CLANG_ANALYZER_NONNULL = YES;
				CLANG_ANALYZER_NUMBER_OBJECT_CONVERSION = YES_AGGRESSIVE;
				CLANG_CXX_LANGUAGE_STANDARD = "gnu++20";
				CLANG_ENABLE_MODULES = YES;
				CLANG_ENABLE_OBJC_ARC = YES;
				CLANG_ENABLE_OBJC_WEAK = YES;
				CLANG_WARN_BLOCK_CAPTURE_AUTORELEASING = YES;
				CLANG_WARN_BOOL_CONVERSION = YES;
				CLANG_WARN_COMMA = YES;
				CLANG_WARN_CONSTANT_CONVERSION = YES;
				CLANG_WARN_DEPRECATED_OBJC_IMPLEMENTATIONS = YES;
				CLANG_WARN_DIRECT_OBJC_ISA_USAGE = YES_ERROR;
				CLANG_WARN_DOCUMENTATION_COMMENTS = YES;
				CLANG_WARN_EMPTY_BODY = YES;
				CLANG_WARN_ENUM_CONVERSION = YES;
				CLANG_WARN_INFINITE_RECURSION = YES;
				CLANG_WARN_INT_CONVERSION = YES;
				CLANG_WARN_NON_LITERAL_NULL_CONVERSION = YES;
				CLANG_WARN_OBJC_IMPLICIT_RETAIN_SELF = YES;
				CLANG_WARN_OBJC_LITERAL_CONVERSION = YES;
				CLANG_WARN_OBJC_ROOT_CLASS = YES_ERROR;
				CLANG_WARN_QUOTED_INCLUDE_IN_FRAMEWORK_HEADER = YES;
				CLANG_WARN_RANGE_LOOP_ANALYSIS = YES;
				CLANG_WARN_STRICT_PROTOTYPES = YES;
				CLANG_WARN_SUSPICIOUS_MOVE = YES;
				CLANG_WARN_UNGUARDED_AVAILABILITY = YES_AGGRESSIVE;
				CLANG_WARN_UNREACHABLE_CODE = YES;
				CLANG_WARN__DUPLICATE_METHOD_MATCH = YES;
				COPY_PHASE_STRIP = NO;
				DEBUG_INFORMATION_FORMAT = dwarf;
				DEVELOPMENT_TEAM = XF9VRNPAKX;
				ENABLE_STRICT_OBJC_MSGSEND = YES;
				ENABLE_TESTABILITY = YES;
				ENABLE_USER_SCRIPT_SANDBOXING = YES;
				GCC_C_LANGUAGE_STANDARD = gnu17;
				GCC_DYNAMIC_NO_PIC = NO;
				GCC_NO_COMMON_BLOCKS = YES;
				GCC_OPTIMIZATION_LEVEL = 0;
				GCC_PREPROCESSOR_DEFINITIONS = (
					"DEBUG=1",
					"$(inherited)",
				);
				GCC_WARN_64_TO_32_BIT_CONVERSION = YES;
				GCC_WARN_ABOUT_RETURN_TYPE = YES_ERROR;
				GCC_WARN_UNDECLARED_SELECTOR = YES;
				GCC_WARN_UNINITIALIZED_AUTOS = YES_AGGRESSIVE;
				GCC_WARN_UNUSED_FUNCTION = YES;
				GCC_WARN_UNUSED_VARIABLE = YES;
				IPHONEOS_DEPLOYMENT_TARGET = 26.2;
				LOCALIZATION_PREFERS_STRING_CATALOGS = YES;
				MTL_ENABLE_DEBUG_INFO = INCLUDE_SOURCE;
				MTL_FAST_MATH = YES;
				ONLY_ACTIVE_ARCH = YES;
				SDKROOT = iphoneos;
				SWIFT_ACTIVE_COMPILATION_CONDITIONS = "DEBUG $(inherited)";
				SWIFT_OPTIMIZATION_LEVEL = "-Onone";
			};
			name = Debug;
		};
		D9E00EDF2FEFE5C30074F0E3 /* Release */ = {
			isa = XCBuildConfiguration;
			buildSettings = {
				ALWAYS_SEARCH_USER_PATHS = NO;
				ASSETCATALOG_COMPILER_GENERATE_SWIFT_ASSET_SYMBOL_EXTENSIONS = YES;
				CLANG_ANALYZER_NONNULL = YES;
				CLANG_ANALYZER_NUMBER_OBJECT_CONVERSION = YES_AGGRESSIVE;
				CLANG_CXX_LANGUAGE_STANDARD = "gnu++20";
				CLANG_ENABLE_MODULES = YES;
				CLANG_ENABLE_OBJC_ARC = YES;
				CLANG_ENABLE_OBJC_WEAK = YES;
				CLANG_WARN_BLOCK_CAPTURE_AUTORELEASING = YES;
				CLANG_WARN_BOOL_CONVERSION = YES;
				CLANG_WARN_COMMA = YES;
				CLANG_WARN_CONSTANT_CONVERSION = YES;
				CLANG_WARN_DEPRECATED_OBJC_IMPLEMENTATIONS = YES;
				CLANG_WARN_DIRECT_OBJC_ISA_USAGE = YES_ERROR;
				CLANG_WARN_DOCUMENTATION_COMMENTS = YES;
				CLANG_WARN_EMPTY_BODY = YES;
				CLANG_WARN_ENUM_CONVERSION = YES;
				CLANG_WARN_INFINITE_RECURSION = YES;
				CLANG_WARN_INT_CONVERSION = YES;
				CLANG_WARN_NON_LITERAL_NULL_CONVERSION = YES;
				CLANG_WARN_OBJC_IMPLICIT_RETAIN_SELF = YES;
				CLANG_WARN_OBJC_LITERAL_CONVERSION = YES;
				CLANG_WARN_OBJC_ROOT_CLASS = YES_ERROR;
				CLANG_WARN_QUOTED_INCLUDE_IN_FRAMEWORK_HEADER = YES;
				CLANG_WARN_RANGE_LOOP_ANALYSIS = YES;
				CLANG_WARN_STRICT_PROTOTYPES = YES;
				CLANG_WARN_SUSPICIOUS_MOVE = YES;
				CLANG_WARN_UNGUARDED_AVAILABILITY = YES_AGGRESSIVE;
				CLANG_WARN_UNREACHABLE_CODE = YES;
				CLANG_WARN__DUPLICATE_METHOD_MATCH = YES;
				COPY_PHASE_STRIP = NO;
				DEBUG_INFORMATION_FORMAT = "dwarf-with-dsym";
				DEVELOPMENT_TEAM = XF9VRNPAKX;
				ENABLE_NS_ASSERTIONS = NO;
				ENABLE_STRICT_OBJC_MSGSEND = YES;
				ENABLE_USER_SCRIPT_SANDBOXING = YES;
				GCC_C_LANGUAGE_STANDARD = gnu17;
				GCC_NO_COMMON_BLOCKS = YES;
				GCC_WARN_64_TO_32_BIT_CONVERSION = YES;
				GCC_WARN_ABOUT_RETURN_TYPE = YES_ERROR;
				GCC_WARN_UNDECLARED_SELECTOR = YES;
				GCC_WARN_UNINITIALIZED_AUTOS = YES_AGGRESSIVE;
				GCC_WARN_UNUSED_FUNCTION = YES;
				GCC_WARN_UNUSED_VARIABLE = YES;
				IPHONEOS_DEPLOYMENT_TARGET = 26.2;
				LOCALIZATION_PREFERS_STRING_CATALOGS = YES;
				MTL_ENABLE_DEBUG_INFO = NO;
				MTL_FAST_MATH = YES;
				SDKROOT = iphoneos;
				SWIFT_COMPILATION_MODE = wholemodule;
				VALIDATE_PRODUCT = YES;
			};
			name = Release;
		};
		D9E00EE12FEFE5C30074F0E3 /* Debug */ = {
			isa = XCBuildConfiguration;
			buildSettings = {
				ASSETCATALOG_COMPILER_APPICON_NAME = AppIcon;
				ASSETCATALOG_COMPILER_GLOBAL_ACCENT_COLOR_NAME = AccentColor;
				CODE_SIGN_STYLE = Automatic;
				CURRENT_PROJECT_VERSION = 1;
				DEVELOPMENT_TEAM = XF9VRNPAKX;
				ENABLE_PREVIEWS = YES;
				GENERATE_INFOPLIST_FILE = YES;
				INFOPLIST_KEY_UIApplicationSceneManifest_Generation = YES;
				INFOPLIST_KEY_UIApplicationSupportsIndirectInputEvents = YES;
				INFOPLIST_KEY_UILaunchScreen_Generation = YES;
				INFOPLIST_KEY_UISupportedInterfaceOrientations_iPad = "UIInterfaceOrientationPortrait UIInterfaceOrientationPortraitUpsideDown UIInterfaceOrientationLandscapeLeft UIInterfaceOrientationLandscapeRight";
				INFOPLIST_KEY_UISupportedInterfaceOrientations_iPhone = "UIInterfaceOrientationPortrait UIInterfaceOrientationLandscapeLeft UIInterfaceOrientationLandscapeRight";
				LD_RUNPATH_SEARCH_PATHS = (
					"$(inherited)",
					"@executable_path/Frameworks",
				);
				MARKETING_VERSION = 1.0;
				PRODUCT_BUNDLE_IDENTIFIER = com.nazardydyn.PawLetter;
				PRODUCT_NAME = "$(TARGET_NAME)";
				STRING_CATALOG_GENERATE_SYMBOLS = YES;
				SWIFT_APPROACHABLE_CONCURRENCY = YES;
				SWIFT_DEFAULT_ACTOR_ISOLATION = MainActor;
				SWIFT_EMIT_LOC_STRINGS = YES;
				SWIFT_UPCOMING_FEATURE_MEMBER_IMPORT_VISIBILITY = YES;
				SWIFT_VERSION = 5.0;
				TARGETED_DEVICE_FAMILY = "1,2";
			};
			name = Debug;
		};
		D9E00EE22FEFE5C30074F0E3 /* Release */ = {
			isa = XCBuildConfiguration;
			buildSettings = {
				ASSETCATALOG_COMPILER_APPICON_NAME = AppIcon;
				ASSETCATALOG_COMPILER_GLOBAL_ACCENT_COLOR_NAME = AccentColor;
				CODE_SIGN_STYLE = Automatic;
				CURRENT_PROJECT_VERSION = 1;
				DEVELOPMENT_TEAM = XF9VRNPAKX;
				ENABLE_PREVIEWS = YES;
				GENERATE_INFOPLIST_FILE = YES;
				INFOPLIST_KEY_UIApplicationSceneManifest_Generation = YES;
				INFOPLIST_KEY_UIApplicationSupportsIndirectInputEvents = YES;
				INFOPLIST_KEY_UILaunchScreen_Generation = YES;
				INFOPLIST_KEY_UISupportedInterfaceOrientations_iPad = "UIInterfaceOrientationPortrait UIInterfaceOrientationPortraitUpsideDown UIInterfaceOrientationLandscapeLeft UIInterfaceOrientationLandscapeRight";
				INFOPLIST_KEY_UISupportedInterfaceOrientations_iPhone = "UIInterfaceOrientationPortrait UIInterfaceOrientationLandscapeLeft UIInterfaceOrientationLandscapeRight";
				LD_RUNPATH_SEARCH_PATHS = (
					"$(inherited)",
					"@executable_path/Frameworks",
				);
				MARKETING_VERSION = 1.0;
				PRODUCT_BUNDLE_IDENTIFIER = com.nazardydyn.PawLetter;
				PRODUCT_NAME = "$(TARGET_NAME)";
				STRING_CATALOG_GENERATE_SYMBOLS = YES;
				SWIFT_APPROACHABLE_CONCURRENCY = YES;
				SWIFT_DEFAULT_ACTOR_ISOLATION = MainActor;
				SWIFT_EMIT_LOC_STRINGS = YES;
				SWIFT_UPCOMING_FEATURE_MEMBER_IMPORT_VISIBILITY = YES;
				SWIFT_VERSION = 5.0;
				TARGETED_DEVICE_FAMILY = "1,2";
			};
			name = Release;
		};
		D9E00EE42FEFE5C30074F0E3 /* Debug */ = {
			isa = XCBuildConfiguration;
			buildSettings = {
				BUNDLE_LOADER = "$(TEST_HOST)";
				CODE_SIGN_STYLE = Automatic;
				CURRENT_PROJECT_VERSION = 1;
				DEVELOPMENT_TEAM = XF9VRNPAKX;
				GENERATE_INFOPLIST_FILE = YES;
				IPHONEOS_DEPLOYMENT_TARGET = 26.2;
				MARKETING_VERSION = 1.0;
				PRODUCT_BUNDLE_IDENTIFIER = com.nazardydyn.PawLetterTests;
				PRODUCT_NAME = "$(TARGET_NAME)";
				STRING_CATALOG_GENERATE_SYMBOLS = NO;
				SWIFT_APPROACHABLE_CONCURRENCY = YES;
				SWIFT_EMIT_LOC_STRINGS = NO;
				SWIFT_UPCOMING_FEATURE_MEMBER_IMPORT_VISIBILITY = YES;
				SWIFT_VERSION = 5.0;
				TARGETED_DEVICE_FAMILY = "1,2";
				TEST_HOST = "$(BUILT_PRODUCTS_DIR)/PawLetter.app/$(BUNDLE_EXECUTABLE_FOLDER_PATH)/PawLetter";
			};
			name = Debug;
		};
		D9E00EE52FEFE5C30074F0E3 /* Release */ = {
			isa = XCBuildConfiguration;
			buildSettings = {
				BUNDLE_LOADER = "$(TEST_HOST)";
				CODE_SIGN_STYLE = Automatic;
				CURRENT_PROJECT_VERSION = 1;
				DEVELOPMENT_TEAM = XF9VRNPAKX;
				GENERATE_INFOPLIST_FILE = YES;
				IPHONEOS_DEPLOYMENT_TARGET = 26.2;
				MARKETING_VERSION = 1.0;
				PRODUCT_BUNDLE_IDENTIFIER = com.nazardydyn.PawLetterTests;
				PRODUCT_NAME = "$(TARGET_NAME)";
				STRING_CATALOG_GENERATE_SYMBOLS = NO;
				SWIFT_APPROACHABLE_CONCURRENCY = YES;
				SWIFT_EMIT_LOC_STRINGS = NO;
				SWIFT_UPCOMING_FEATURE_MEMBER_IMPORT_VISIBILITY = YES;
				SWIFT_VERSION = 5.0;
				TARGETED_DEVICE_FAMILY = "1,2";
				TEST_HOST = "$(BUILT_PRODUCTS_DIR)/PawLetter.app/$(BUNDLE_EXECUTABLE_FOLDER_PATH)/PawLetter";
			};
			name = Release;
		};
		D9E00EE72FEFE5C30074F0E3 /* Debug */ = {
			isa = XCBuildConfiguration;
			buildSettings = {
				CODE_SIGN_STYLE = Automatic;
				CURRENT_PROJECT_VERSION = 1;
				DEVELOPMENT_TEAM = XF9VRNPAKX;
				GENERATE_INFOPLIST_FILE = YES;
				MARKETING_VERSION = 1.0;
				PRODUCT_BUNDLE_IDENTIFIER = com.nazardydyn.PawLetterUITests;
				PRODUCT_NAME = "$(TARGET_NAME)";
				STRING_CATALOG_GENERATE_SYMBOLS = NO;
				SWIFT_APPROACHABLE_CONCURRENCY = YES;
				SWIFT_EMIT_LOC_STRINGS = NO;
				SWIFT_UPCOMING_FEATURE_MEMBER_IMPORT_VISIBILITY = YES;
				SWIFT_VERSION = 5.0;
				TARGETED_DEVICE_FAMILY = "1,2";
				TEST_TARGET_NAME = PawLetter;
			};
			name = Debug;
		};
		D9E00EE82FEFE5C30074F0E3 /* Release */ = {
			isa = XCBuildConfiguration;
			buildSettings = {
				CODE_SIGN_STYLE = Automatic;
				CURRENT_PROJECT_VERSION = 1;
				DEVELOPMENT_TEAM = XF9VRNPAKX;
				GENERATE_INFOPLIST_FILE = YES;
				MARKETING_VERSION = 1.0;
				PRODUCT_BUNDLE_IDENTIFIER = com.nazardydyn.PawLetterUITests;
				PRODUCT_NAME = "$(TARGET_NAME)";
				STRING_CATALOG_GENERATE_SYMBOLS = NO;
				SWIFT_APPROACHABLE_CONCURRENCY = YES;
				SWIFT_EMIT_LOC_STRINGS = NO;
				SWIFT_UPCOMING_FEATURE_MEMBER_IMPORT_VISIBILITY = YES;
				SWIFT_VERSION = 5.0;
				TARGETED_DEVICE_FAMILY = "1,2";
				TEST_TARGET_NAME = PawLetter;
			};
			name = Release;
		};
/* End XCBuildConfiguration section */

/* Begin XCConfigurationList section */
		D9E00EBA2FEFE5C20074F0E3 /* Build configuration list for PBXProject "PawLetter" */ = {
			isa = XCConfigurationList;
			buildConfigurations = (
				D9E00EDE2FEFE5C30074F0E3 /* Debug */,
				D9E00EDF2FEFE5C30074F0E3 /* Release */,
			);
			defaultConfigurationIsVisible = 0;
			defaultConfigurationName = Release;
		};
		D9E00EE02FEFE5C30074F0E3 /* Build configuration list for PBXNativeTarget "PawLetter" */ = {
			isa = XCConfigurationList;
			buildConfigurations = (
				D9E00EE12FEFE5C30074F0E3 /* Debug */,
				D9E00EE22FEFE5C30074F0E3 /* Release */,
			);
			defaultConfigurationIsVisible = 0;
			defaultConfigurationName = Release;
		};
		D9E00EE32FEFE5C30074F0E3 /* Build configuration list for PBXNativeTarget "PawLetterTests" */ = {
			isa = XCConfigurationList;
			buildConfigurations = (
				D9E00EE42FEFE5C30074F0E3 /* Debug */,
				D9E00EE52FEFE5C30074F0E3 /* Release */,
			);
			defaultConfigurationIsVisible = 0;
			defaultConfigurationName = Release;
		};
		D9E00EE62FEFE5C30074F0E3 /* Build configuration list for PBXNativeTarget "PawLetterUITests" */ = {
			isa = XCConfigurationList;
			buildConfigurations = (
				D9E00EE72FEFE5C30074F0E3 /* Debug */,
				D9E00EE82FEFE5C30074F0E3 /* Release */,
			);
			defaultConfigurationIsVisible = 0;
			defaultConfigurationName = Release;
		};
/* End XCConfigurationList section */

/* Begin XCRemoteSwiftPackageReference section */
		D9E00EE92FEFE7100074F0E3 /* XCRemoteSwiftPackageReference "firebase-ios-sdk" */ = {
			isa = XCRemoteSwiftPackageReference;
			repositoryURL = "https://github.com/firebase/firebase-ios-sdk";
			requirement = {
				kind = upToNextMajorVersion;
				minimumVersion = 12.15.0;
			};
		};
/* End XCRemoteSwiftPackageReference section */

/* Begin XCSwiftPackageProductDependency section */
		D9E00EEA2FEFE7100074F0E3 /* FirebaseAuth */ = {
			isa = XCSwiftPackageProductDependency;
			package = D9E00EE92FEFE7100074F0E3 /* XCRemoteSwiftPackageReference "firebase-ios-sdk" */;
			productName = FirebaseAuth;
		};
		D9E00EEC2FEFE7100074F0E3 /* FirebaseFirestore */ = {
			isa = XCSwiftPackageProductDependency;
			package = D9E00EE92FEFE7100074F0E3 /* XCRemoteSwiftPackageReference "firebase-ios-sdk" */;
			productName = FirebaseFirestore;
		};
		D9ECDA9E3005326D005244BE /* FirebaseStorage */ = {
			isa = XCSwiftPackageProductDependency;
			package = D9E00EE92FEFE7100074F0E3 /* XCRemoteSwiftPackageReference "firebase-ios-sdk" */;
			productName = FirebaseStorage;
		};
/* End XCSwiftPackageProductDependency section */
	};
	rootObject = D9E00EB72FEFE5C20074F0E3 /* Project object */;
}
